// !$*UTF8*$!
{
	archiveVersion = 1;
	classes = {
	};
	objectVersion = 46;
	objects = {

/* Begin PBXBuildFile section */
		436F96E81E2F253E00FC3E5C /* AppDelegate.swift in Sources */ = {isa = PBXBuildFile; fileRef = 436F96E71E2F253E00FC3E5C /* AppDelegate.swift */; };
		436F96EA1E2F253E00FC3E5C /* ViewController.swift in Sources */ = {isa = PBXBuildFile; fileRef = 436F96E91E2F253E00FC3E5C /* ViewController.swift */; };
		436F96ED1E2F253E00FC3E5C /* Main.storyboard in Resources */ = {isa = PBXBuildFile; fileRef = 436F96EB1E2F253E00FC3E5C /* Main.storyboard */; };
		436F96F01E2F253E00FC3E5C /* cookBookLearning.xcdatamodeld in Sources */ = {isa = PBXBuildFile; fileRef = 436F96EE1E2F253E00FC3E5C /* cookBookLearning.xcdatamodeld */; };
		436F96F21E2F253E00FC3E5C /* Assets.xcassets in Resources */ = {isa = PBXBuildFile; fileRef = 436F96F11E2F253E00FC3E5C /* Assets.xcassets */; };
		436F96F51E2F253E00FC3E5C /* LaunchScreen.storyboard in Resources */ = {isa = PBXBuildFile; fileRef = 436F96F31E2F253E00FC3E5C /* LaunchScreen.storyboard */; };
		436F97001E2F253E00FC3E5C /* cookBookLearningTests.swift in Sources */ = {isa = PBXBuildFile; fileRef = 436F96FF1E2F253E00FC3E5C /* cookBookLearningTests.swift */; };
		436F970B1E2F253E00FC3E5C /* cookBookLearningUITests.swift in Sources */ = {isa = PBXBuildFile; fileRef = 436F970A1E2F253E00FC3E5C /* cookBookLearningUITests.swift */; };
/* End PBXBuildFile section */

/* Begin PBXContainerItemProxy section */
		436F96FC1E2F253E00FC3E5C /* PBXContainerItemProxy */ = {
			isa = PBXContainerItemProxy;
			containerPortal = 436F96DC1E2F253D00FC3E5C /* Project object */;
			proxyType = 1;
			remoteGlobalIDString = 436F96E31E2F253D00FC3E5C;
			remoteInfo = cookBookLearning;
		};
		436F97071E2F253E00FC3E5C /* PBXContainerItemProxy */ = {
			isa = PBXContainerItemProxy;
			containerPortal = 436F96DC1E2F253D00FC3E5C /* Project object */;
			proxyType = 1;
			remoteGlobalIDString = 436F96E31E2F253D00FC3E5C;
			remoteInfo = cookBookLearning;
		};
/* End PBXContainerItemProxy section */

/* Begin PBXFileReference section */
		436F96E41E2F253D00FC3E5C /* cookBookLearning.app */ = {isa = PBXFileReference; explicitFileType = wrapper.application; includeInIndex = 0; path = cookBookLearning.app; sourceTree = BUILT_PRODUCTS_DIR; };
		436F96E71E2F253E00FC3E5C /* AppDelegate.swift */ = {isa = PBXFileReference; lastKnownFileType = sourcecode.swift; path = AppDelegate.swift; sourceTree = "<group>"; };
		436F96E91E2F253E00FC3E5C /* ViewController.swift */ = {isa = PBXFileReference; lastKnownFileType = sourcecode.swift; path = ViewController.swift; sourceTree = "<group>"; };
		436F96EC1E2F253E00FC3E5C /* Base */ = {isa = PBXFileReference; lastKnownFileType = file.storyboard; name = Base; path = Base.lproj/Main.storyboard; sourceTree = "<group>"; };
		436F96EF1E2F253E00FC3E5C /* cookBookLearning.xcdatamodel */ = {isa = PBXFileReference; lastKnownFileType = wrapper.xcdatamodel; path = cookBookLearning.xcdatamodel; sourceTree = "<group>"; };
		436F96F11E2F253E00FC3E5C /* Assets.xcassets */ = {isa = PBXFileReference; lastKnownFileType = folder.assetcatalog; path = Assets.xcassets; sourceTree = "<group>"; };
		436F96F41E2F253E00FC3E5C /* Base */ = {isa = PBXFileReference; lastKnownFileType = file.storyboard; name = Base; path = Base.lproj/LaunchScreen.storyboard; sourceTree = "<group>"; };
		436F96F61E2F253E00FC3E5C /* Info.plist */ = {isa = PBXFileReference; lastKnownFileType = text.plist.xml; path = Info.plist; sourceTree = "<group>"; };
		436F96FB1E2F253E00FC3E5C /* cookBookLearningTests.xctest */ = {isa = PBXFileReference; explicitFileType = wrapper.cfbundle; includeInIndex = 0; path = cookBookLearningTests.xctest; sourceTree = BUILT_PRODUCTS_DIR; };
		436F96FF1E2F253E00FC3E5C /* cookBookLearningTests.swift */ = {isa = PBXFileReference; lastKnownFileType = sourcecode.swift; path = cookBookLearningTests.swift; sourceTree = "<group>"; };
		436F97011E2F253E00FC3E5C /* Info.plist */ = {isa = PBXFileReference; lastKnownFileType = text.plist.xml; path = Info.plist; sourceTree = "<group>"; };
		436F97061E2F253E00FC3E5C /* cookBookLearningUITests.xctest */ = {isa = PBXFileReference; explicitFileType = wrapper.cfbundle; includeInIndex = 0; path = cookBookLearningUITests.xctest; sourceTree = BUILT_PRODUCTS_DIR; };
		436F970A1E2F253E00FC3E5C /* cookBookLearningUITests.swift */ = {isa = PBXFileReference; lastKnownFileType = sourcecode.swift; path = cookBookLearningUITests.swift; sourceTree = "<group>"; };
		436F970C1E2F253E00FC3E5C /* Info.plist */ = {isa = PBXFileReference; lastKnownFileType = text.plist.xml; path = Info.plist; sourceTree = "<group>"; };
/* End PBXFileReference section */

/* Begin PBXFrameworksBuildPhase section */
		436F96E11E2F253D00FC3E5C /* Frameworks */ = {
			isa = PBXFrameworksBuildPhase;
			buildActionMask = 2147483647;
			files = (
			);
			runOnlyForDeploymentPostprocessing = 0;
		};
		436F96F81E2F253E00FC3E5C /* Frameworks */ = {
			isa = PBXFrameworksBuildPhase;
			buildActionMask = 2147483647;
			files = (
			);
			runOnlyForDeploymentPostprocessing = 0;
		};
		436F97031E2F253E00FC3E5C /* Frameworks */ = {
			isa = PBXFrameworksBuildPhase;
			buildActionMask = 2147483647;
			files = (
			);
			runOnlyForDeploymentPostprocessing = 0;
		};
/* End PBXFrameworksBuildPhase section */

/* Begin PBXGroup section */
		436F96DB1E2F253D00FC3E5C = {
			isa = PBXGroup;
			children = (
				436F96E61E2F253D00FC3E5C /* cookBookLearning */,
				436F96FE1E2F253E00FC3E5C /* cookBookLearningTests */,
				436F97091E2F253E00FC3E5C /* cookBookLearningUITests */,
				436F96E51E2F253D00FC3E5C /* Products */,
			);
			sourceTree = "<group>";
		};
		436F96E51E2F253D00FC3E5C /* Products */ = {
			isa = PBXGroup;
			children = (
				436F96E41E2F253D00FC3E5C /* cookBookLearning.app */,
				436F96FB1E2F253E00FC3E5C /* cookBookLearningTests.xctest */,
				436F97061E2F253E00FC3E5C /* cookBookLearningUITests.xctest */,
			);
			name = Products;
			sourceTree = "<group>";
		};
		436F96E61E2F253D00FC3E5C /* cookBookLearning */ = {
			isa = PBXGroup;
			children = (
				436F96E71E2F253E00FC3E5C /* AppDelegate.swift */,
				436F96E91E2F253E00FC3E5C /* ViewController.swift */,
				436F96EB1E2F253E00FC3E5C /* Main.storyboard */,
				436F96F11E2F253E00FC3E5C /* Assets.xcassets */,
				436F96F31E2F253E00FC3E5C /* LaunchScreen.storyboard */,
				436F96F61E2F253E00FC3E5C /* Info.plist */,
				436F96EE1E2F253E00FC3E5C /* cookBookLearning.xcdatamodeld */,
			);
			path = cookBookLearning;
			sourceTree = "<group>";
		};
		436F96FE1E2F253E00FC3E5C /* cookBookLearningTests */ = {
			isa = PBXGroup;
			children = (
				436F96FF1E2F253E00FC3E5C /* cookBookLearningTests.swift */,
				436F97011E2F253E00FC3E5C /* Info.plist */,
			);
			path = cookBookLearningTests;
			sourceTree = "<group>";
		};
		436F97091E2F253E00FC3E5C /* cookBookLearningUITests */ = {
			isa = PBXGroup;
			children = (
				436F970A1E2F253E00FC3E5C /* cookBookLearningUITests.swift */,
				436F970C1E2F253E00FC3E5C /* Info.plist */,
			);
			path = cookBookLearningUITests;
			sourceTree = "<group>";
		};
/* End PBXGroup section */

/* Begin PBXNativeTarget section */
		436F96E31E2F253D00FC3E5C /* cookBookLearning */ = {
			isa = PBXNativeTarget;
			buildConfigurationList = 436F970F1E2F253E00FC3E5C /* Build configuration list for PBXNativeTarget "cookBookLearning" */;
			buildPhases = (
				436F96E01E2F253D00FC3E5C /* Sources */,
				436F96E11E2F253D00FC3E5C /* Frameworks */,
				436F96E21E2F253D00FC3E5C /* Resources */,
			);
			buildRules = (
			);
			dependencies = (
			);
			name = cookBookLearning;
			productName = cookBookLearning;
			productReference = 436F96E41E2F253D00FC3E5C /* cookBookLearning.app */;
			productType = "com.apple.product-type.application";
		};
		436F96FA1E2F253E00FC3E5C /* cookBookLearningTests */ = {
			isa = PBXNativeTarget;
			buildConfigurationList = 436F97121E2F253E00FC3E5C /* Build configuration list for PBXNativeTarget "cookBookLearningTests" */;
			buildPhases = (
				436F96F71E2F253E00FC3E5C /* Sources */,
				436F96F81E2F253E00FC3E5C /* Frameworks */,
				436F96F91E2F253E00FC3E5C /* Resources */,
			);
			buildRules = (
			);
			dependencies = (
				436F96FD1E2F253E00FC3E5C /* PBXTargetDependency */,
			);
			name = cookBookLearningTests;
			productName = cookBookLearningTests;
			productReference = 436F96FB1E2F253E00FC3E5C /* cookBookLearningTests.xctest */;
			productType = "com.apple.product-type.bundle.unit-test";
		};
		436F97051E2F253E00FC3E5C /* cookBookLearningUITests */ = {
			isa = PBXNativeTarget;
			buildConfigurationList = 436F97151E2F253E00FC3E5C /* Build configuration list for PBXNativeTarget "cookBookLearningUITests" */;
			buildPhases = (
				436F97021E2F253E00FC3E5C /* Sources */,
				436F97031E2F253E00FC3E5C /* Frameworks */,
				436F97041E2F253E00FC3E5C /* Resources */,
			);
			buildRules = (
			);
			dependencies = (
				436F97081E2F253E00FC3E5C /* PBXTargetDependency */,
			);
			name = cookBookLearningUITests;
			productName = cookBookLearningUITests;
			productReference = 436F97061E2F253E00FC3E5C /* cookBookLearningUITests.xctest */;
			productType = "com.apple.product-type.bundle.ui-testing";
		};
/* End PBXNativeTarget section */

/* Begin PBXProject section */
		436F96DC1E2F253D00FC3E5C /* Project object */ = {
			isa = PBXProject;
			attributes = {
				LastSwiftUpdateCheck = 0730;
				LastUpgradeCheck = 0730;
				ORGANIZATIONNAME = Swift;
				TargetAttributes = {
					436F96E31E2F253D00FC3E5C = {
						CreatedOnToolsVersion = 7.3.1;
					};
					436F96FA1E2F253E00FC3E5C = {
						CreatedOnToolsVersion = 7.3.1;
						TestTargetID = 436F96E31E2F253D00FC3E5C;
					};
					436F97051E2F253E00FC3E5C = {
						CreatedOnToolsVersion = 7.3.1;
						TestTargetID = 436F96E31E2F253D00FC3E5C;
					};
				};
			};
			buildConfigurationList = 436F96DF1E2F253D00FC3E5C /* Build configuration list for PBXProject "cookBookLearning" */;
			compatibilityVersion = "Xcode 3.2";
			developmentRegion = English;
			hasScannedForEncodings = 0;
			knownRegions = (
				en,
				Base,
			);
			mainGroup = 436F96DB1E2F253D00FC3E5C;
			productRefGroup = 436F96E51E2F253D00FC3E5C /* Products */;
			projectDirPath = "";
			projectRoot = "";
			targets = (
				436F96E31E2F253D00FC3E5C /* cookBookLearning */,
				436F96FA1E2F253E00FC3E5C /* cookBookLearningTests */,
				436F97051E2F253E00FC3E5C /* cookBookLearningUITests */,
			);
		};
/* End PBXProject section */

/* Begin PBXResourcesBuildPhase section */
		436F96E21E2F253D00FC3E5C /* Resources */ = {
			isa = PBXResourcesBuildPhase;
			buildActionMask = 2147483647;
			files = (
				436F96F51E2F253E00FC3E5C /* LaunchScreen.storyboard in Resources */,
				436F96F21E2F253E00FC3E5C /* Assets.xcassets in Resources */,
				436F96ED1E2F253E00FC3E5C /* Main.storyboard in Resources */,
			);
			runOnlyForDeploymentPostprocessing = 0;
		};
		436F96F91E2F253E00FC3E5C /* Resources */ = {
			isa = PBXResourcesBuildPhase;
			buildActionMask = 2147483647;
			files = (
			);
			runOnlyForDeploymentPostprocessing = 0;
		};
		436F97041E2F253E00FC3E5C /* Resources */ = {
			isa = PBXResourcesBuildPhase;
			buildActionMask = 2147483647;
			files = (
			);
			runOnlyForDeploymentPostprocessing = 0;
		};
/* End PBXResourcesBuildPhase section */

/* Begin PBXSourcesBuildPhase section */
		436F96E01E2F253D00FC3E5C /* Sources */ = {
			isa = PBXSourcesBuildPhase;
			buildActionMask = 2147483647;
			files = (
				436F96EA1E2F253E00FC3E5C /* ViewController.swift in Sources */,
				436F96F01E2F253E00FC3E5C /* cookBookLearning.xcdatamodeld in Sources */,
				436F96E81E2F253E00FC3E5C /* AppDelegate.swift in Sources */,
			);
			runOnlyForDeploymentPostprocessing = 0;
		};
		436F96F71E2F253E00FC3E5C /* Sources */ = {
			isa = PBXSourcesBuildPhase;
			buildActionMask = 2147483647;
			files = (
				436F97001E2F253E00FC3E5C /* cookBookLearningTests.swift in Sources */,
			);
			runOnlyForDeploymentPostprocessing = 0;
		};
		436F97021E2F253E00FC3E5C /* Sources */ = {
			isa = PBXSourcesBuildPhase;
			buildActionMask = 2147483647;
			files = (
				436F970B1E2F253E00FC3E5C /* cookBookLearningUITests.swift in Sources */,
			);
			runOnlyForDeploymentPostprocessing = 0;
		};
/* End PBXSourcesBuildPhase section */

/* Begin PBXTargetDependency section */
		436F96FD1E2F253E00FC3E5C /* PBXTargetDependency */ = {
			isa = PBXTargetDependency;
			target = 436F96E31E2F253D00FC3E5C /* cookBookLearning */;
			targetProxy = 436F96FC1E2F253E00FC3E5C /* PBXContainerItemProxy */;
		};
		436F97081E2F253E00FC3E5C /* PBXTargetDependency */ = {
			isa = PBXTargetDependency;
			target = 436F96E31E2F253D00FC3E5C /* cookBookLearning */;
			targetProxy = 436F97071E2F253E00FC3E5C /* PBXContainerItemProxy */;
		};
/* End PBXTargetDependency section */

/* Begin PBXVariantGroup section */
		436F96EB1E2F253E00FC3E5C /* Main.storyboard */ = {
			isa = PBXVariantGroup;
			children = (
				436F96EC1E2F253E00FC3E5C /* Base */,
			);
			name = Main.storyboard;
			sourceTree = "<group>";
		};
		436F96F31E2F253E00FC3E5C /* LaunchScreen.storyboard */ = {
			isa = PBXVariantGroup;
			children = (
				436F96F41E2F253E00FC3E5C /* Base */,
			);
			name = LaunchScreen.storyboard;
			sourceTree = "<group>";
		};
/* End PBXVariantGroup section */

/* Begin XCBuildConfiguration section */
		436F970D1E2F253E00FC3E5C /* Debug */ = {
			isa = XCBuildConfiguration;
			buildSettings = {
				ALWAYS_SEARCH_USER_PATHS = NO;
				CLANG_ANALYZER_NONNULL = YES;
				CLANG_CXX_LANGUAGE_STANDARD = "gnu++0x";
				CLANG_CXX_LIBRARY = "libc++";
				CLANG_ENABLE_MODULES = YES;
				CLANG_ENABLE_OBJC_ARC = YES;
				CLANG_WARN_BOOL_CONVERSION = YES;
				CLANG_WARN_CONSTANT_CONVERSION = YES;
				CLANG_WARN_DIRECT_OBJC_ISA_USAGE = YES_ERROR;
				CLANG_WARN_EMPTY_BODY = YES;
				CLANG_WARN_ENUM_CONVERSION = YES;
				CLANG_WARN_INT_CONVERSION = YES;
				CLANG_WARN_OBJC_ROOT_CLASS = YES_ERROR;
				CLANG_WARN_UNREACHABLE_CODE = YES;
				CLANG_WARN__DUPLICATE_METHOD_MATCH = YES;
				"CODE_SIGN_IDENTITY[sdk=iphoneos*]" = "iPhone Developer";
				COPY_PHASE_STRIP = NO;
				DEBUG_INFORMATION_FORMAT = dwarf;
				ENABLE_STRICT_OBJC_MSGSEND = YES;
				ENABLE_TESTABILITY = YES;
				GCC_C_LANGUAGE_STANDARD = gnu99;
				GCC_DYNAMIC_NO_PIC = NO;
				GCC_NO_COMMON_BLOCKS = YES;
				GCC_OPTIMIZATION_LEVEL = 0;
				GCC_PREPROCESSOR_DEFINITIONS = (
					"DEBUG=1",
					"$(inherited)",
				);
				GCC_WARN_64_TO_32_BIT_CONVERSION = YES;
				GCC_WARN_ABOUT_RETURN_TYPE = YES_ERROR;
				GCC_WARN_UNDECLARED_SELECTOR = YES;
				GCC_WARN_UNINITIALIZED_AUTOS = YES_AGGRESSIVE;
				GCC_WARN_UNUSED_FUNCTION = YES;
				GCC_WARN_UNUSED_VARIABLE = YES;
				IPHONEOS_DEPLOYMENT_TARGET = 9.3;
				MTL_ENABLE_DEBUG_INFO = YES;
				ONLY_ACTIVE_ARCH = YES;
				SDKROOT = iphoneos;
				SWIFT_OPTIMIZATION_LEVEL = "-Onone";
			};
			name = Debug;
		};
		436F970E1E2F253E00FC3E5C /* Release */ = {
			isa = XCBuildConfiguration;
			buildSettings = {
				ALWAYS_SEARCH_USER_PATHS = NO;
				CLANG_ANALYZER_NONNULL = YES;
				CLANG_CXX_LANGUAGE_STANDARD = "gnu++0x";
				CLANG_CXX_LIBRARY = "libc++";
				CLANG_ENABLE_MODULES = YES;
				CLANG_ENABLE_OBJC_ARC = YES;
				CLANG_WARN_BOOL_CONVERSION = YES;
				CLANG_WARN_CONSTANT_CONVERSION = YES;
				CLANG_WARN_DIRECT_OBJC_ISA_USAGE = YES_ERROR;
				CLANG_WARN_EMPTY_BODY = YES;
				CLANG_WARN_ENUM_CONVERSION = YES;
				CLANG_WARN_INT_CONVERSION = YES;
				CLANG_WARN_OBJC_ROOT_CLASS = YES_ERROR;
				CLANG_WARN_UNREACHABLE_CODE = YES;
				CLANG_WARN__DUPLICATE_METHOD_MATCH = YES;
				"CODE_SIGN_IDENTITY[sdk=iphoneos*]" = "iPhone Developer";
				COPY_PHASE_STRIP = NO;
				DEBUG_INFORMATION_FORMAT = "dwarf-with-dsym";
				ENABLE_NS_ASSERTIONS = NO;
				ENABLE_STRICT_OBJC_MSGSEND = YES;
				GCC_C_LANGUAGE_STANDARD = gnu99;
				GCC_NO_COMMON_BLOCKS = YES;
				GCC_WARN_64_TO_32_BIT_CONVERSION = YES;
				GCC_WARN_ABOUT_RETURN_TYPE = YES_ERROR;
				GCC_WARN_UNDECLARED_SELECTOR = YES;
				GCC_WARN_UNINITIALIZED_AUTOS = YES_AGGRESSIVE;
				GCC_WARN_UNUSED_FUNCTION = YES;
				GCC_WARN_UNUSED_VARIABLE = YES;
				IPHONEOS_DEPLOYMENT_TARGET = 9.3;
				MTL_ENABLE_DEBUG_INFO = NO;
				SDKROOT = iphoneos;
				VALIDATE_PRODUCT = YES;
			};
			name = Release;
		};
		436F97101E2F253E00FC3E5C /* Debug */ = {
			isa = XCBuildConfiguration;
			buildSettings = {
				ASSETCATALOG_COMPILER_APPICON_NAME = AppIcon;
				INFOPLIST_FILE = cookBookLearning/Info.plist;
				LD_RUNPATH_SEARCH_PATHS = "$(inherited) @executable_path/Frameworks";
				PRODUCT_BUNDLE_IDENTIFIER = enclave.bc10.iosteam.cookBookLearning;
				PRODUCT_NAME = "$(TARGET_NAME)";
			};
			name = Debug;
		};
		436F97111E2F253E00FC3E5C /* Release */ = {
			isa = XCBuildConfiguration;
			buildSettings = {
				ASSETCATALOG_COMPILER_APPICON_NAME = AppIcon;
				INFOPLIST_FILE = cookBookLearning/Info.plist;
				LD_RUNPATH_SEARCH_PATHS = "$(inherited) @executable_path/Frameworks";
				PRODUCT_BUNDLE_IDENTIFIER = enclave.bc10.iosteam.cookBookLearning;
				PRODUCT_NAME = "$(TARGET_NAME)";
			};
			name = Release;
		};
		436F97131E2F253E00FC3E5C /* Debug */ = {
			isa = XCBuildConfiguration;
			buildSettings = {
				BUNDLE_LOADER = "$(TEST_HOST)";
				INFOPLIST_FILE = cookBookLearningTests/Info.plist;
				LD_RUNPATH_SEARCH_PATHS = "$(inherited) @executable_path/Frameworks @loader_path/Frameworks";
				PRODUCT_BUNDLE_IDENTIFIER = enclave.bc10.iosteam.cookBookLearningTests;
				PRODUCT_NAME = "$(TARGET_NAME)";
				TEST_HOST = "$(BUILT_PRODUCTS_DIR)/cookBookLearning.app/cookBookLearning";
			};
			name = Debug;
		};
		436F97141E2F253E00FC3E5C /* Release */ = {
			isa = XCBuildConfiguration;
			buildSettings = {
				BUNDLE_LOADER = "$(TEST_HOST)";
				INFOPLIST_FILE = cookBookLearningTests/Info.plist;
				LD_RUNPATH_SEARCH_PATHS = "$(inherited) @executable_path/Frameworks @loader_path/Frameworks";
				PRODUCT_BUNDLE_IDENTIFIER = enclave.bc10.iosteam.cookBookLearningTests;
				PRODUCT_NAME = "$(TARGET_NAME)";
				TEST_HOST = "$(BUILT_PRODUCTS_DIR)/cookBookLearning.app/cookBookLearning";
			};
			name = Release;
		};
		436F97161E2F253E00FC3E5C /* Debug */ = {
			isa = XCBuildConfiguration;
			buildSettings = {
				INFOPLIST_FILE = cookBookLearningUITests/Info.plist;
				LD_RUNPATH_SEARCH_PATHS = "$(inherited) @executable_path/Frameworks @loader_path/Frameworks";
				PRODUCT_BUNDLE_IDENTIFIER = enclave.bc10.iosteam.cookBookLearningUITests;
				PRODUCT_NAME = "$(TARGET_NAME)";
				TEST_TARGET_NAME = cookBookLearning;
			};
			name = Debug;
		};
		436F97171E2F253E00FC3E5C /* Release */ = {
			isa = XCBuildConfiguration;
			buildSettings = {
				INFOPLIST_FILE = cookBookLearningUITests/Info.plist;
				LD_RUNPATH_SEARCH_PATHS = "$(inherited) @executable_path/Frameworks @loader_path/Frameworks";
				PRODUCT_BUNDLE_IDENTIFIER = enclave.bc10.iosteam.cookBookLearningUITests;
				PRODUCT_NAME = "$(TARGET_NAME)";
				TEST_TARGET_NAME = cookBookLearning;
			};
			name = Release;
		};
/* End XCBuildConfiguration section */

/* Begin XCConfigurationList section */
		436F96DF1E2F253D00FC3E5C /* Build configuration list for PBXProject "cookBookLearning" */ = {
			isa = XCConfigurationList;
			buildConfigurations = (
				436F970D1E2F253E00FC3E5C /* Debug */,
				436F970E1E2F253E00FC3E5C /* Release */,
			);
			defaultConfigurationIsVisible = 0;
			defaultConfigurationName = Release;
		};
		436F970F1E2F253E00FC3E5C /* Build configuration list for PBXNativeTarget "cookBookLearning" */ = {
			isa = XCConfigurationList;
			buildConfigurations = (
				436F97101E2F253E00FC3E5C /* Debug */,
				436F97111E2F253E00FC3E5C /* Release */,
			);
			defaultConfigurationIsVisible = 0;
		};
		436F97121E2F253E00FC3E5C /* Build configuration list for PBXNativeTarget "cookBookLearningTests" */ = {
			isa = XCConfigurationList;
			buildConfigurations = (
				436F97131E2F253E00FC3E5C /* Debug */,
				436F97141E2F253E00FC3E5C /* Release */,
			);
			defaultConfigurationIsVisible = 0;
		};
		436F97151E2F253E00FC3E5C /* Build configuration list for PBXNativeTarget "cookBookLearningUITests" */ = {
			isa = XCConfigurationList;
			buildConfigurations = (
				436F97161E2F253E00FC3E5C /* Debug */,
				436F97171E2F253E00FC3E5C /* Release */,
			);
			defaultConfigurationIsVisible = 0;
		};
/* End XCConfigurationList section */

/* Begin XCVersionGroup section */
		436F96EE1E2F253E00FC3E5C /* cookBookLearning.xcdatamodeld */ = {
			isa = XCVersionGroup;
			children = (
				436F96EF1E2F253E00FC3E5C /* cookBookLearning.xcdatamodel */,
			);
			currentVersion = 436F96EF1E2F253E00FC3E5C /* cookBookLearning.xcdatamodel */;
			path = cookBookLearning.xcdatamodeld;
			sourceTree = "<group>";
			versionGroupType = wrapper.xcdatamodel;
		};
/* End XCVersionGroup section */
	};
	rootObject = 436F96DC1E2F253D00FC3E5C /* Project object */;
}
